// !$*UTF8*$!
{
	archiveVersion = 1;
	classes = {
	};
	objectVersion = 46;
	objects = {

/* Begin PBXBuildFile section */
		C85EFCAD1510173D002CB299 /* UIKit.framework in Frameworks */ = {isa = PBXBuildFile; fileRef = C85EFCAC1510173D002CB299 /* UIKit.framework */; };
		C85EFCAF1510173D002CB299 /* Foundation.framework in Frameworks */ = {isa = PBXBuildFile; fileRef = C85EFCAE1510173D002CB299 /* Foundation.framework */; };
		C85EFCB11510173D002CB299 /* CoreGraphics.framework in Frameworks */ = {isa = PBXBuildFile; fileRef = C85EFCB01510173D002CB299 /* CoreGraphics.framework */; };
		C85EFCB71510173D002CB299 /* InfoPlist.strings in Resources */ = {isa = PBXBuildFile; fileRef = C85EFCB51510173D002CB299 /* InfoPlist.strings */; };
		C85EFCB91510173D002CB299 /* main.m in Sources */ = {isa = PBXBuildFile; fileRef = C85EFCB81510173D002CB299 /* main.m */; };
		C85EFCBD1510173D002CB299 /* AppDelegate.m in Sources */ = {isa = PBXBuildFile; fileRef = C85EFCBC1510173D002CB299 /* AppDelegate.m */; };
		C85EFCC01510173D002CB299 /* ViewController.m in Sources */ = {isa = PBXBuildFile; fileRef = C85EFCBF1510173D002CB299 /* ViewController.m */; };
		C85EFCC31510173D002CB299 /* ViewController.xib in Resources */ = {isa = PBXBuildFile; fileRef = C85EFCC11510173D002CB299 /* ViewController.xib */; };
		C88296951518CE1E00B74829 /* IconControlView.m in Sources */ = {isa = PBXBuildFile; fileRef = C88296941518CE1E00B74829 /* IconControlView.m */; };
		C882969E1518D60400B74829 /* EditorView.m in Sources */ = {isa = PBXBuildFile; fileRef = C882969D1518D60400B74829 /* EditorView.m */; };
		C8AB34751522891C000EAB9A /* KeyboardView.m in Sources */ = {isa = PBXBuildFile; fileRef = C8AB34721522891B000EAB9A /* KeyboardView.m */; };
		C8AB34761522891C000EAB9A /* TouchForwardingUIScrollView.m in Sources */ = {isa = PBXBuildFile; fileRef = C8AB34741522891B000EAB9A /* TouchForwardingUIScrollView.m */; };
		C8AB347C1522939E000EAB9A /* keyboard.png in Resources */ = {isa = PBXBuildFile; fileRef = C8AB347B1522939D000EAB9A /* keyboard.png */; };
		C8AB348315229865000EAB9A /* icon.m in Sources */ = {isa = PBXBuildFile; fileRef = C8AB348215229864000EAB9A /* icon.m */; };
		C8DA89FF15210D66002F0D08 /* KeyView.m in Sources */ = {isa = PBXBuildFile; fileRef = C8DA89FC15210D65002F0D08 /* KeyView.m */; };
		C8DA8A0015210D66002F0D08 /* OctaveView.m in Sources */ = {isa = PBXBuildFile; fileRef = C8DA89FE15210D65002F0D08 /* OctaveView.m */; };
		C8DA8A0515210DFA002F0D08 /* BlackKeyView.m in Sources */ = {isa = PBXBuildFile; fileRef = C8DA8A0215210DFA002F0D08 /* BlackKeyView.m */; };
		C8DA8A0615210DFA002F0D08 /* WhiteKeyView.m in Sources */ = {isa = PBXBuildFile; fileRef = C8DA8A0415210DFA002F0D08 /* WhiteKeyView.m */; };
		CE4169BC1522B26F00E967DE /* options.png in Resources */ = {isa = PBXBuildFile; fileRef = CE4169BB1522B26F00E967DE /* options.png */; };
/* End PBXBuildFile section */

/* Begin PBXFileReference section */
		C85EFCA81510173D002CB299 /* ModWire.app */ = {isa = PBXFileReference; explicitFileType = wrapper.application; includeInIndex = 0; path = ModWire.app; sourceTree = BUILT_PRODUCTS_DIR; };
		C85EFCAC1510173D002CB299 /* UIKit.framework */ = {isa = PBXFileReference; lastKnownFileType = wrapper.framework; name = UIKit.framework; path = System/Library/Frameworks/UIKit.framework; sourceTree = SDKROOT; };
		C85EFCAE1510173D002CB299 /* Foundation.framework */ = {isa = PBXFileReference; lastKnownFileType = wrapper.framework; name = Foundation.framework; path = System/Library/Frameworks/Foundation.framework; sourceTree = SDKROOT; };
		C85EFCB01510173D002CB299 /* CoreGraphics.framework */ = {isa = PBXFileReference; lastKnownFileType = wrapper.framework; name = CoreGraphics.framework; path = System/Library/Frameworks/CoreGraphics.framework; sourceTree = SDKROOT; };
		C85EFCB41510173D002CB299 /* ModWire-Info.plist */ = {isa = PBXFileReference; lastKnownFileType = text.plist.xml; path = "ModWire-Info.plist"; sourceTree = "<group>"; };
		C85EFCB61510173D002CB299 /* en */ = {isa = PBXFileReference; lastKnownFileType = text.plist.strings; name = en; path = en.lproj/InfoPlist.strings; sourceTree = "<group>"; };
		C85EFCB81510173D002CB299 /* main.m */ = {isa = PBXFileReference; lastKnownFileType = sourcecode.c.objc; path = main.m; sourceTree = "<group>"; };
		C85EFCBA1510173D002CB299 /* ModWire-Prefix.pch */ = {isa = PBXFileReference; lastKnownFileType = sourcecode.c.h; path = "ModWire-Prefix.pch"; sourceTree = "<group>"; };
		C85EFCBB1510173D002CB299 /* AppDelegate.h */ = {isa = PBXFileReference; lastKnownFileType = sourcecode.c.h; path = AppDelegate.h; sourceTree = "<group>"; };
		C85EFCBC1510173D002CB299 /* AppDelegate.m */ = {isa = PBXFileReference; lastKnownFileType = sourcecode.c.objc; path = AppDelegate.m; sourceTree = "<group>"; };
		C85EFCBE1510173D002CB299 /* ViewController.h */ = {isa = PBXFileReference; lastKnownFileType = sourcecode.c.h; path = ViewController.h; sourceTree = "<group>"; };
		C85EFCBF1510173D002CB299 /* ViewController.m */ = {isa = PBXFileReference; lastKnownFileType = sourcecode.c.objc; path = ViewController.m; sourceTree = "<group>"; };
		C85EFCC21510173D002CB299 /* en */ = {isa = PBXFileReference; lastKnownFileType = file.xib; name = en; path = en.lproj/ViewController.xib; sourceTree = "<group>"; };
		C88296931518CE1E00B74829 /* IconControlView.h */ = {isa = PBXFileReference; fileEncoding = 4; lastKnownFileType = sourcecode.c.h; path = IconControlView.h; sourceTree = "<group>"; };
		C88296941518CE1E00B74829 /* IconControlView.m */ = {isa = PBXFileReference; fileEncoding = 4; lastKnownFileType = sourcecode.c.objc; path = IconControlView.m; sourceTree = "<group>"; };
		C882969C1518D60400B74829 /* EditorView.h */ = {isa = PBXFileReference; fileEncoding = 4; lastKnownFileType = sourcecode.c.h; path = EditorView.h; sourceTree = "<group>"; };
		C882969D1518D60400B74829 /* EditorView.m */ = {isa = PBXFileReference; fileEncoding = 4; lastKnownFileType = sourcecode.c.objc; path = EditorView.m; sourceTree = "<group>"; };
		C8AB34711522891B000EAB9A /* KeyboardView.h */ = {isa = PBXFileReference; fileEncoding = 4; lastKnownFileType = sourcecode.c.h; path = KeyboardView.h; sourceTree = "<group>"; };
		C8AB34721522891B000EAB9A /* KeyboardView.m */ = {isa = PBXFileReference; fileEncoding = 4; lastKnownFileType = sourcecode.c.objc; path = KeyboardView.m; sourceTree = "<group>"; };
		C8AB34731522891B000EAB9A /* TouchForwardingUIScrollView.h */ = {isa = PBXFileReference; fileEncoding = 4; lastKnownFileType = sourcecode.c.h; path = TouchForwardingUIScrollView.h; sourceTree = "<group>"; };
		C8AB34741522891B000EAB9A /* TouchForwardingUIScrollView.m */ = {isa = PBXFileReference; fileEncoding = 4; lastKnownFileType = sourcecode.c.objc; path = TouchForwardingUIScrollView.m; sourceTree = "<group>"; };
		C8AB347B1522939D000EAB9A /* keyboard.png */ = {isa = PBXFileReference; lastKnownFileType = image.png; name = keyboard.png; path = ../keyboard.png; sourceTree = "<group>"; };
		C8AB348115229864000EAB9A /* icon.h */ = {isa = PBXFileReference; fileEncoding = 4; lastKnownFileType = sourcecode.c.h; path = icon.h; sourceTree = "<group>"; };
		C8AB348215229864000EAB9A /* icon.m */ = {isa = PBXFileReference; fileEncoding = 4; lastKnownFileType = sourcecode.c.objc; path = icon.m; sourceTree = "<group>"; };
		C8DA89FB15210D65002F0D08 /* KeyView.h */ = {isa = PBXFileReference; fileEncoding = 4; lastKnownFileType = sourcecode.c.h; path = KeyView.h; sourceTree = "<group>"; };
		C8DA89FC15210D65002F0D08 /* KeyView.m */ = {isa = PBXFileReference; fileEncoding = 4; lastKnownFileType = sourcecode.c.objc; path = KeyView.m; sourceTree = "<group>"; };
		C8DA89FD15210D65002F0D08 /* OctaveView.h */ = {isa = PBXFileReference; fileEncoding = 4; lastKnownFileType = sourcecode.c.h; path = OctaveView.h; sourceTree = "<group>"; };
		C8DA89FE15210D65002F0D08 /* OctaveView.m */ = {isa = PBXFileReference; fileEncoding = 4; lastKnownFileType = sourcecode.c.objc; path = OctaveView.m; sourceTree = "<group>"; };
		C8DA8A0115210DFA002F0D08 /* BlackKeyView.h */ = {isa = PBXFileReference; fileEncoding = 4; lastKnownFileType = sourcecode.c.h; path = BlackKeyView.h; sourceTree = "<group>"; };
		C8DA8A0215210DFA002F0D08 /* BlackKeyView.m */ = {isa = PBXFileReference; fileEncoding = 4; lastKnownFileType = sourcecode.c.objc; path = BlackKeyView.m; sourceTree = "<group>"; };
		C8DA8A0315210DFA002F0D08 /* WhiteKeyView.h */ = {isa = PBXFileReference; fileEncoding = 4; lastKnownFileType = sourcecode.c.h; path = WhiteKeyView.h; sourceTree = "<group>"; };
		C8DA8A0415210DFA002F0D08 /* WhiteKeyView.m */ = {isa = PBXFileReference; fileEncoding = 4; lastKnownFileType = sourcecode.c.objc; path = WhiteKeyView.m; sourceTree = "<group>"; };
		CE4169BB1522B26F00E967DE /* options.png */ = {isa = PBXFileReference; lastKnownFileType = image.png; path = options.png; sourceTree = "<group>"; };
/* End PBXFileReference section */

/* Begin PBXFrameworksBuildPhase section */
		C85EFCA51510173D002CB299 /* Frameworks */ = {
			isa = PBXFrameworksBuildPhase;
			buildActionMask = 2147483647;
			files = (
				C85EFCAD1510173D002CB299 /* UIKit.framework in Frameworks */,
				C85EFCAF1510173D002CB299 /* Foundation.framework in Frameworks */,
				C85EFCB11510173D002CB299 /* CoreGraphics.framework in Frameworks */,
			);
			runOnlyForDeploymentPostprocessing = 0;
		};
/* End PBXFrameworksBuildPhase section */

/* Begin PBXGroup section */
		C85EFC9D1510173D002CB299 = {
			isa = PBXGroup;
			children = (
				C85EFCB21510173D002CB299 /* ModWire */,
				C85EFCAB1510173D002CB299 /* Frameworks */,
				C85EFCA91510173D002CB299 /* Products */,
			);
			sourceTree = "<group>";
		};
		C85EFCA91510173D002CB299 /* Products */ = {
			isa = PBXGroup;
			children = (
				C85EFCA81510173D002CB299 /* ModWire.app */,
			);
			name = Products;
			sourceTree = "<group>";
		};
		C85EFCAB1510173D002CB299 /* Frameworks */ = {
			isa = PBXGroup;
			children = (
				C85EFCAC1510173D002CB299 /* UIKit.framework */,
				C85EFCAE1510173D002CB299 /* Foundation.framework */,
				C85EFCB01510173D002CB299 /* CoreGraphics.framework */,
			);
			name = Frameworks;
			sourceTree = "<group>";
		};
		C85EFCB21510173D002CB299 /* ModWire */ = {
			isa = PBXGroup;
			children = (
				C8AB347B1522939D000EAB9A /* keyboard.png */,
				C8AB34711522891B000EAB9A /* KeyboardView.h */,
				C8AB34721522891B000EAB9A /* KeyboardView.m */,
				C8AB34731522891B000EAB9A /* TouchForwardingUIScrollView.h */,
				C8AB34741522891B000EAB9A /* TouchForwardingUIScrollView.m */,
				C85EFCBB1510173D002CB299 /* AppDelegate.h */,
				C85EFCBC1510173D002CB299 /* AppDelegate.m */,
				C85EFCBE1510173D002CB299 /* ViewController.h */,
				C85EFCBF1510173D002CB299 /* ViewController.m */,
				C85EFCC11510173D002CB299 /* ViewController.xib */,
				CE4169BB1522B26F00E967DE /* options.png */,
				C8AB348115229864000EAB9A /* icon.h */,
				C8AB348215229864000EAB9A /* icon.m */,
				C8DA8A0115210DFA002F0D08 /* BlackKeyView.h */,
				C8DA8A0215210DFA002F0D08 /* BlackKeyView.m */,
				C8DA8A0315210DFA002F0D08 /* WhiteKeyView.h */,
				C8DA8A0415210DFA002F0D08 /* WhiteKeyView.m */,
				C8DA89FB15210D65002F0D08 /* KeyView.h */,
				C8DA89FC15210D65002F0D08 /* KeyView.m */,
				C8DA89FD15210D65002F0D08 /* OctaveView.h */,
				C8DA89FE15210D65002F0D08 /* OctaveView.m */,
				C882969C1518D60400B74829 /* EditorView.h */,
				C882969D1518D60400B74829 /* EditorView.m */,
				C88296931518CE1E00B74829 /* IconControlView.h */,
				C88296941518CE1E00B74829 /* IconControlView.m */,
				C85EFCB31510173D002CB299 /* Supporting Files */,
			);
			path = ModWire;
			sourceTree = "<group>";
		};
		C85EFCB31510173D002CB299 /* Supporting Files */ = {
			isa = PBXGroup;
			children = (
				C85EFCB41510173D002CB299 /* ModWire-Info.plist */,
				C85EFCB51510173D002CB299 /* InfoPlist.strings */,
				C85EFCB81510173D002CB299 /* main.m */,
				C85EFCBA1510173D002CB299 /* ModWire-Prefix.pch */,
			);
			name = "Supporting Files";
			sourceTree = "<group>";
		};
/* End PBXGroup section */

/* Begin PBXNativeTarget section */
		C85EFCA71510173D002CB299 /* ModWire */ = {
			isa = PBXNativeTarget;
			buildConfigurationList = C85EFCC61510173D002CB299 /* Build configuration list for PBXNativeTarget "ModWire" */;
			buildPhases = (
				C85EFCA41510173D002CB299 /* Sources */,
				C85EFCA51510173D002CB299 /* Frameworks */,
				C85EFCA61510173D002CB299 /* Resources */,
			);
			buildRules = (
			);
			dependencies = (
			);
			name = ModWire;
			productName = ModWire;
			productReference = C85EFCA81510173D002CB299 /* ModWire.app */;
			productType = "com.apple.product-type.application";
		};
/* End PBXNativeTarget section */

/* Begin PBXProject section */
		C85EFC9F1510173D002CB299 /* Project object */ = {
			isa = PBXProject;
			attributes = {
				LastUpgradeCheck = 0420;
			};
			buildConfigurationList = C85EFCA21510173D002CB299 /* Build configuration list for PBXProject "ModWire" */;
			compatibilityVersion = "Xcode 3.2";
			developmentRegion = English;
			hasScannedForEncodings = 0;
			knownRegions = (
				en,
			);
			mainGroup = C85EFC9D1510173D002CB299;
			productRefGroup = C85EFCA91510173D002CB299 /* Products */;
			projectDirPath = "";
			projectRoot = "";
			targets = (
				C85EFCA71510173D002CB299 /* ModWire */,
			);
		};
/* End PBXProject section */

/* Begin PBXResourcesBuildPhase section */
		C85EFCA61510173D002CB299 /* Resources */ = {
			isa = PBXResourcesBuildPhase;
			buildActionMask = 2147483647;
			files = (
				C85EFCB71510173D002CB299 /* InfoPlist.strings in Resources */,
				C85EFCC31510173D002CB299 /* ViewController.xib in Resources */,
				C8AB347C1522939E000EAB9A /* keyboard.png in Resources */,
				CE4169BC1522B26F00E967DE /* options.png in Resources */,
			);
			runOnlyForDeploymentPostprocessing = 0;
		};
/* End PBXResourcesBuildPhase section */

/* Begin PBXSourcesBuildPhase section */
		C85EFCA41510173D002CB299 /* Sources */ = {
			isa = PBXSourcesBuildPhase;
			buildActionMask = 2147483647;
			files = (
				C85EFCB91510173D002CB299 /* main.m in Sources */,
				C85EFCBD1510173D002CB299 /* AppDelegate.m in Sources */,
				C85EFCC01510173D002CB299 /* ViewController.m in Sources */,
				C88296951518CE1E00B74829 /* IconControlView.m in Sources */,
				C882969E1518D60400B74829 /* EditorView.m in Sources */,
				C8DA89FF15210D66002F0D08 /* KeyView.m in Sources */,
				C8DA8A0015210D66002F0D08 /* OctaveView.m in Sources */,
				C8DA8A0515210DFA002F0D08 /* BlackKeyView.m in Sources */,
				C8DA8A0615210DFA002F0D08 /* WhiteKeyView.m in Sources */,
				C8AB34751522891C000EAB9A /* KeyboardView.m in Sources */,
				C8AB34761522891C000EAB9A /* TouchForwardingUIScrollView.m in Sources */,
				C8AB348315229865000EAB9A /* icon.m in Sources */,
			);
			runOnlyForDeploymentPostprocessing = 0;
		};
/* End PBXSourcesBuildPhase section */

/* Begin PBXVariantGroup section */
		C85EFCB51510173D002CB299 /* InfoPlist.strings */ = {
			isa = PBXVariantGroup;
			children = (
				C85EFCB61510173D002CB299 /* en */,
			);
			name = InfoPlist.strings;
			sourceTree = "<group>";
		};
		C85EFCC11510173D002CB299 /* ViewController.xib */ = {
			isa = PBXVariantGroup;
			children = (
				C85EFCC21510173D002CB299 /* en */,
			);
			name = ViewController.xib;
			sourceTree = "<group>";
		};
/* End PBXVariantGroup section */

/* Begin XCBuildConfiguration section */
		C85EFCC41510173D002CB299 /* Debug */ = {
			isa = XCBuildConfiguration;
			buildSettings = {
				ALWAYS_SEARCH_USER_PATHS = NO;
				ARCHS = "$(ARCHS_STANDARD_32_BIT)";
				CLANG_ENABLE_OBJC_ARC = YES;
				"CODE_SIGN_IDENTITY[sdk=iphoneos*]" = "iPhone Developer";
				COPY_PHASE_STRIP = NO;
				GCC_C_LANGUAGE_STANDARD = gnu99;
				GCC_DYNAMIC_NO_PIC = NO;
				GCC_OPTIMIZATION_LEVEL = 0;
				GCC_PREPROCESSOR_DEFINITIONS = (
					"DEBUG=1",
					"$(inherited)",
				);
				GCC_SYMBOLS_PRIVATE_EXTERN = NO;
				GCC_VERSION = com.apple.compilers.llvm.clang.1_0;
				GCC_WARN_ABOUT_MISSING_PROTOTYPES = YES;
				GCC_WARN_ABOUT_RETURN_TYPE = YES;
				GCC_WARN_UNUSED_VARIABLE = YES;
				IPHONEOS_DEPLOYMENT_TARGET = 5.0;
				SDKROOT = iphoneos;
				TARGETED_DEVICE_FAMILY = 2;
			};
			name = Debug;
		};
		C85EFCC51510173D002CB299 /* Release */ = {
			isa = XCBuildConfiguration;
			buildSettings = {
				ALWAYS_SEARCH_USER_PATHS = NO;
				ARCHS = "$(ARCHS_STANDARD_32_BIT)";
				CLANG_ENABLE_OBJC_ARC = YES;
				"CODE_SIGN_IDENTITY[sdk=iphoneos*]" = "iPhone Developer";
				COPY_PHASE_STRIP = YES;
				GCC_C_LANGUAGE_STANDARD = gnu99;
				GCC_VERSION = com.apple.compilers.llvm.clang.1_0;
				GCC_WARN_ABOUT_MISSING_PROTOTYPES = YES;
				GCC_WARN_ABOUT_RETURN_TYPE = YES;
				GCC_WARN_UNUSED_VARIABLE = YES;
				IPHONEOS_DEPLOYMENT_TARGET = 5.0;
				OTHER_CFLAGS = "-DNS_BLOCK_ASSERTIONS=1";
				SDKROOT = iphoneos;
				TARGETED_DEVICE_FAMILY = 2;
				VALIDATE_PRODUCT = YES;
			};
			name = Release;
		};
		C85EFCC71510173D002CB299 /* Debug */ = {
			isa = XCBuildConfiguration;
			buildSettings = {
				GCC_PRECOMPILE_PREFIX_HEADER = YES;
				GCC_PREFIX_HEADER = "ModWire/ModWire-Prefix.pch";
				INFOPLIST_FILE = "ModWire/ModWire-Info.plist";
				PRODUCT_NAME = "$(TARGET_NAME)";
				WRAPPER_EXTENSION = app;
			};
			name = Debug;
		};
		C85EFCC81510173D002CB299 /* Release */ = {
			isa = XCBuildConfiguration;
			buildSettings = {
				GCC_PRECOMPILE_PREFIX_HEADER = YES;
				GCC_PREFIX_HEADER = "ModWire/ModWire-Prefix.pch";
				INFOPLIST_FILE = "ModWire/ModWire-Info.plist";
				PRODUCT_NAME = "$(TARGET_NAME)";
				WRAPPER_EXTENSION = app;
			};
			name = Release;
		};
/* End XCBuildConfiguration section */

/* Begin XCConfigurationList section */
		C85EFCA21510173D002CB299 /* Build configuration list for PBXProject "ModWire" */ = {
			isa = XCConfigurationList;
			buildConfigurations = (
				C85EFCC41510173D002CB299 /* Debug */,
				C85EFCC51510173D002CB299 /* Release */,
			);
			defaultConfigurationIsVisible = 0;
			defaultConfigurationName = Release;
		};
		C85EFCC61510173D002CB299 /* Build configuration list for PBXNativeTarget "ModWire" */ = {
			isa = XCConfigurationList;
			buildConfigurations = (
				C85EFCC71510173D002CB299 /* Debug */,
				C85EFCC81510173D002CB299 /* Release */,
			);
			defaultConfigurationIsVisible = 0;
			defaultConfigurationName = Release;
		};
/* End XCConfigurationList section */
	};
	rootObject = C85EFC9F1510173D002CB299 /* Project object */;
}
